
Microsoft Visual Studio Solution File, Format Version 12.00
# Visual Studio 2013
VisualStudioVersion = 12.0.30501.0
MinimumVisualStudioVersion = 10.0.40219.1
Project("{2150E333-8FDC-42A3-9474-1A3956D46DE8}") = "Storage", "Storage", "{786CA2B8-A159-4A6B-9EA1-6C22C7090694}"
EndProject
Project("{D954291E-2A0B-460D-934E-DC6B0785DB48}") = "Storage.Shared", "Storage\Storage.Shared\Storage.Shared.shproj", "{86979D85-B524-4E07-B353-F2EF39C496A7}"
EndProject
Project("{FAE04EC0-301F-11D3-BF4B-00C04F79EFBC}") = "Storage.Windows", "Storage\Storage.Windows\Storage.Windows.csproj", "{D1871028-6623-477D-9855-9E749FDC12D4}"
EndProject
Project("{FAE04EC0-301F-11D3-BF4B-00C04F79EFBC}") = "Storage.WindowsPhone", "Storage\Storage.WindowsPhone\Storage.WindowsPhone.csproj", "{2794A6F6-9682-44B2-A22A-8513B0C5ACD5}"
EndProject
Global
	GlobalSection(SharedMSBuildProjectFiles) = preSolution
		Storage\Storage.Shared\Storage.Shared.projitems*{86979d85-b524-4e07-b353-f2ef39c496a7}*SharedItemsImports = 13
		Storage\Storage.Shared\Storage.Shared.projitems*{d1871028-6623-477d-9855-9e749fdc12d4}*SharedItemsImports = 4
		Storage\Storage.Shared\Storage.Shared.projitems*{2794a6f6-9682-44b2-a22a-8513b0c5acd5}*SharedItemsImports = 4
	EndGlobalSection
	GlobalSection(SolutionConfigurationPlatforms) = preSolution
		Debug|Any CPU = Debug|Any CPU
		Debug|ARM = Debug|ARM
		Debug|x64 = Debug|x64
		Debug|x86 = Debug|x86
		Release|Any CPU = Release|Any CPU
		Release|ARM = Release|ARM
		Release|x64 = Release|x64
		Release|x86 = Release|x86
	EndGlobalSection
	GlobalSection(ProjectConfigurationPlatforms) = postSolution
		{D1871028-6623-477D-9855-9E749FDC12D4}.Debug|Any CPU.ActiveCfg = Debug|Any CPU
		{D1871028-6623-477D-9855-9E749FDC12D4}.Debug|Any CPU.Build.0 = Debug|Any CPU
		{D1871028-6623-477D-9855-9E749FDC12D4}.Debug|Any CPU.Deploy.0 = Debug|Any CPU
		{D1871028-6623-477D-9855-9E749FDC12D4}.Debug|ARM.ActiveCfg = Debug|ARM
		{D1871028-6623-477D-9855-9E749FDC12D4}.Debug|ARM.Build.0 = Debug|ARM
		{D1871028-6623-477D-9855-9E749FDC12D4}.Debug|ARM.Deploy.0 = Debug|ARM
		{D1871028-6623-477D-9855-9E749FDC12D4}.Debug|x64.ActiveCfg = Debug|x64
		{D1871028-6623-477D-9855-9E749FDC12D4}.Debug|x64.Build.0 = Debug|x64
		{D1871028-6623-477D-9855-9E749FDC12D4}.Debug|x64.Deploy.0 = Debug|x64
		{D1871028-6623-477D-9855-9E749FDC12D4}.Debug|x86.ActiveCfg = Debug|x86
		{D1871028-6623-477D-9855-9E749FDC12D4}.Debug|x86.Build.0 = Debug|x86
		{D1871028-6623-477D-9855-9E749FDC12D4}.Debug|x86.Deploy.0 = Debug|x86
		{D1871028-6623-477D-9855-9E749FDC12D4}.Release|Any CPU.ActiveCfg = Release|Any CPU
		{D1871028-6623-477D-9855-9E749FDC12D4}.Release|Any CPU.Build.0 = Release|Any CPU
		{D1871028-6623-477D-9855-9E749FDC12D4}.Release|Any CPU.Deploy.0 = Release|Any CPU
		{D1871028-6623-477D-9855-9E749FDC12D4}.Release|ARM.ActiveCfg = Release|ARM
		{D1871028-6623-477D-9855-9E749FDC12D4}.Release|ARM.Build.0 = Release|ARM
		{D1871028-6623-477D-9855-9E749FDC12D4}.Release|ARM.Deploy.0 = Release|ARM
		{D1871028-6623-477D-9855-9E749FDC12D4}.Release|x64.ActiveCfg = Release|x64
		{D1871028-6623-477D-9855-9E749FDC12D4}.Release|x64.Build.0 = Release|x64
		{D1871028-6623-477D-9855-9E749FDC12D4}.Release|x64.Deploy.0 = Release|x64
		{D1871028-6623-477D-9855-9E749FDC12D4}.Release|x86.ActiveCfg = Release|x86
		{D1871028-6623-477D-9855-9E749FDC12D4}.Release|x86.Build.0 = Release|x86
		{D1871028-6623-477D-9855-9E749FDC12D4}.Release|x86.Deploy.0 = Release|x86
		{2794A6F6-9682-44B2-A22A-8513B0C5ACD5}.Debug|Any CPU.ActiveCfg = Debug|Any CPU
		{2794A6F6-9682-44B2-A22A-8513B0C5ACD5}.Debug|Any CPU.Build.0 = Debug|Any CPU
		{2794A6F6-9682-44B2-A22A-8513B0C5ACD5}.Debug|Any CPU.Deploy.0 = Debug|Any CPU
		{2794A6F6-9682-44B2-A22A-8513B0C5ACD5}.Debug|ARM.ActiveCfg = Debug|ARM
		{2794A6F6-9682-44B2-A22A-8513B0C5ACD5}.Debug|ARM.Build.0 = Debug|ARM
		{2794A6F6-9682-44B2-A22A-8513B0C5ACD5}.Debug|ARM.Deploy.0 = Debug|ARM
		{2794A6F6-9682-44B2-A22A-8513B0C5ACD5}.Debug|x64.ActiveCfg = Debug|Any CPU
		{2794A6F6-9682-44B2-A22A-8513B0C5ACD5}.Debug|x86.ActiveCfg = Debug|x86
		{2794A6F6-9682-44B2-A22A-8513B0C5ACD5}.Debug|x86.Build.0 = Debug|x86
		{2794A6F6-9682-44B2-A22A-8513B0C5ACD5}.Debug|x86.Deploy.0 = Debug|x86
		{2794A6F6-9682-44B2-A22A-8513B0C5ACD5}.Release|Any CPU.ActiveCfg = Release|Any CPU
		{2794A6F6-9682-44B2-A22A-8513B0C5ACD5}.Release|Any CPU.Build.0 = Release|Any CPU
		{2794A6F6-9682-44B2-A22A-8513B0C5ACD5}.Release|Any CPU.Deploy.0 = Release|Any CPU
		{2794A6F6-9682-44B2-A22A-8513B0C5ACD5}.Release|ARM.ActiveCfg = Release|ARM
		{2794A6F6-9682-44B2-A22A-8513B0C5ACD5}.Release|ARM.Build.0 = Release|ARM
		{2794A6F6-9682-44B2-A22A-8513B0C5ACD5}.Release|ARM.Deploy.0 = Release|ARM
		{2794A6F6-9682-44B2-A22A-8513B0C5ACD5}.Release|x64.ActiveCfg = Release|Any CPU
		{2794A6F6-9682-44B2-A22A-8513B0C5ACD5}.Release|x86.ActiveCfg = Release|x86
		{2794A6F6-9682-44B2-A22A-8513B0C5ACD5}.Release|x86.Build.0 = Release|x86
		{2794A6F6-9682-44B2-A22A-8513B0C5ACD5}.Release|x86.Deploy.0 = Release|x86
	EndGlobalSection
	GlobalSection(SolutionProperties) = preSolution
		HideSolutionNode = FALSE
	EndGlobalSection
	GlobalSection(NestedProjects) = preSolution
		{86979D85-B524-4E07-B353-F2EF39C496A7} = {786CA2B8-A159-4A6B-9EA1-6C22C7090694}
		{D1871028-6623-477D-9855-9E749FDC12D4} = {786CA2B8-A159-4A6B-9EA1-6C22C7090694}
		{2794A6F6-9682-44B2-A22A-8513B0C5ACD5} = {786CA2B8-A159-4A6B-9EA1-6C22C7090694}
	EndGlobalSection
EndGlobal
